// !$*UTF8*$!
{
	archiveVersion = 1;
	classes = {
	};
	objectVersion = 56;
	objects = {

/* Begin PBXBuildFile section */
		DFBD451A2B849EE200D5015F /* Check24CodingChallengeApp.swift in Sources */ = {isa = PBXBuildFile; fileRef = DFBD45192B849EE200D5015F /* Check24CodingChallengeApp.swift */; };
		DFBD451C2B849EE200D5015F /* ContentView.swift in Sources */ = {isa = PBXBuildFile; fileRef = DFBD451B2B849EE200D5015F /* ContentView.swift */; };
		DFBD451E2B849EEF00D5015F /* Assets.xcassets in Resources */ = {isa = PBXBuildFile; fileRef = DFBD451D2B849EEF00D5015F /* Assets.xcassets */; };
		DFBD45212B849EEF00D5015F /* Preview Assets.xcassets in Resources */ = {isa = PBXBuildFile; fileRef = DFBD45202B849EEF00D5015F /* Preview Assets.xcassets */; };
		DFBD45302B84A12C00D5015F /* ProductListMainView.swift in Sources */ = {isa = PBXBuildFile; fileRef = DFBD452F2B84A12C00D5015F /* ProductListMainView.swift */; };
		DFBD45322B84A1CC00D5015F /* BaseResponse.swift in Sources */ = {isa = PBXBuildFile; fileRef = DFBD45312B84A1CC00D5015F /* BaseResponse.swift */; };
		DFBD45342B84A1DB00D5015F /* Header.swift in Sources */ = {isa = PBXBuildFile; fileRef = DFBD45332B84A1DB00D5015F /* Header.swift */; };
		DFBD45362B84A1EF00D5015F /* Product.swift in Sources */ = {isa = PBXBuildFile; fileRef = DFBD45352B84A1EF00D5015F /* Product.swift */; };
		DFBD45382B84A20C00D5015F /* Price.swift in Sources */ = {isa = PBXBuildFile; fileRef = DFBD45372B84A20C00D5015F /* Price.swift */; };
/* End PBXBuildFile section */

/* Begin PBXFileReference section */
		DFBD45162B849EE200D5015F /* Check24CodingChallenge.app */ = {isa = PBXFileReference; explicitFileType = wrapper.application; includeInIndex = 0; path = Check24CodingChallenge.app; sourceTree = BUILT_PRODUCTS_DIR; };
		DFBD45192B849EE200D5015F /* Check24CodingChallengeApp.swift */ = {isa = PBXFileReference; lastKnownFileType = sourcecode.swift; path = Check24CodingChallengeApp.swift; sourceTree = "<group>"; };
		DFBD451B2B849EE200D5015F /* ContentView.swift */ = {isa = PBXFileReference; lastKnownFileType = sourcecode.swift; path = ContentView.swift; sourceTree = "<group>"; };
		DFBD451D2B849EEF00D5015F /* Assets.xcassets */ = {isa = PBXFileReference; lastKnownFileType = folder.assetcatalog; path = Assets.xcassets; sourceTree = "<group>"; };
		DFBD45202B849EEF00D5015F /* Preview Assets.xcassets */ = {isa = PBXFileReference; lastKnownFileType = folder.assetcatalog; path = "Preview Assets.xcassets"; sourceTree = "<group>"; };
		DFBD452F2B84A12C00D5015F /* ProductListMainView.swift */ = {isa = PBXFileReference; lastKnownFileType = sourcecode.swift; path = ProductListMainView.swift; sourceTree = "<group>"; };
		DFBD45312B84A1CC00D5015F /* BaseResponse.swift */ = {isa = PBXFileReference; lastKnownFileType = sourcecode.swift; path = BaseResponse.swift; sourceTree = "<group>"; };
		DFBD45332B84A1DB00D5015F /* Header.swift */ = {isa = PBXFileReference; lastKnownFileType = sourcecode.swift; path = Header.swift; sourceTree = "<group>"; };
		DFBD45352B84A1EF00D5015F /* Product.swift */ = {isa = PBXFileReference; lastKnownFileType = sourcecode.swift; path = Product.swift; sourceTree = "<group>"; };
		DFBD45372B84A20C00D5015F /* Price.swift */ = {isa = PBXFileReference; lastKnownFileType = sourcecode.swift; path = Price.swift; sourceTree = "<group>"; };
/* End PBXFileReference section */

/* Begin PBXFrameworksBuildPhase section */
		DFBD45132B849EE200D5015F /* Frameworks */ = {
			isa = PBXFrameworksBuildPhase;
			buildActionMask = 2147483647;
			files = (
			);
			runOnlyForDeploymentPostprocessing = 0;
		};
/* End PBXFrameworksBuildPhase section */

/* Begin PBXGroup section */
		DFBD450D2B849EE200D5015F = {
			isa = PBXGroup;
			children = (
				DFBD45182B849EE200D5015F /* Check24CodingChallenge */,
				DFBD45172B849EE200D5015F /* Products */,
			);
			sourceTree = "<group>";
		};
		DFBD45172B849EE200D5015F /* Products */ = {
			isa = PBXGroup;
			children = (
				DFBD45162B849EE200D5015F /* Check24CodingChallenge.app */,
			);
			name = Products;
			sourceTree = "<group>";
		};
		DFBD45182B849EE200D5015F /* Check24CodingChallenge */ = {
			isa = PBXGroup;
			children = (
				DFBD452D2B84A05500D5015F /* Network */,
				DFBD452C2B84A04F00D5015F /* Managers */,
				DFBD452B2B84A04300D5015F /* Helpers */,
				DFBD452A2B84A03E00D5015F /* Enums */,
				DFBD45292B84A01C00D5015F /* Models */,
				DFBD45282B84A01800D5015F /* ViewModels */,
				DFBD45272B84A01400D5015F /* Views */,
				DFBD45192B849EE200D5015F /* Check24CodingChallengeApp.swift */,
				DFBD451D2B849EEF00D5015F /* Assets.xcassets */,
				DFBD451F2B849EEF00D5015F /* Preview Content */,
			);
			path = Check24CodingChallenge;
			sourceTree = "<group>";
		};
		DFBD451F2B849EEF00D5015F /* Preview Content */ = {
			isa = PBXGroup;
			children = (
				DFBD45202B849EEF00D5015F /* Preview Assets.xcassets */,
			);
			path = "Preview Content";
			sourceTree = "<group>";
		};
		DFBD45272B84A01400D5015F /* Views */ = {
			isa = PBXGroup;
			children = (
				DFBD451B2B849EE200D5015F /* ContentView.swift */,
				DFBD452E2B84A05D00D5015F /* Helper Views */,
				DFBD452F2B84A12C00D5015F /* ProductListMainView.swift */,
			);
			path = Views;
			sourceTree = "<group>";
		};
		DFBD45282B84A01800D5015F /* ViewModels */ = {
			isa = PBXGroup;
			children = (
			);
			path = ViewModels;
			sourceTree = "<group>";
		};
		DFBD45292B84A01C00D5015F /* Models */ = {
			isa = PBXGroup;
			children = (
				DFBD45312B84A1CC00D5015F /* BaseResponse.swift */,
				DFBD45332B84A1DB00D5015F /* Header.swift */,
				DFBD45352B84A1EF00D5015F /* Product.swift */,
				DFBD45372B84A20C00D5015F /* Price.swift */,
			);
			path = Models;
			sourceTree = "<group>";
		};
		DFBD452A2B84A03E00D5015F /* Enums */ = {
			isa = PBXGroup;
			children = (
			);
			path = Enums;
			sourceTree = "<group>";
		};
		DFBD452B2B84A04300D5015F /* Helpers */ = {
			isa = PBXGroup;
			children = (
			);
			path = Helpers;
			sourceTree = "<group>";
		};
		DFBD452C2B84A04F00D5015F /* Managers */ = {
			isa = PBXGroup;
			children = (
			);
			path = Managers;
			sourceTree = "<group>";
		};
		DFBD452D2B84A05500D5015F /* Network */ = {
			isa = PBXGroup;
			children = (
			);
			path = Network;
			sourceTree = "<group>";
		};
		DFBD452E2B84A05D00D5015F /* Helper Views */ = {
			isa = PBXGroup;
			children = (
			);
			path = "Helper Views";
			sourceTree = "<group>";
		};
/* End PBXGroup section */

/* Begin PBXNativeTarget section */
		DFBD45152B849EE200D5015F /* Check24CodingChallenge */ = {
			isa = PBXNativeTarget;
			buildConfigurationList = DFBD45242B849EEF00D5015F /* Build configuration list for PBXNativeTarget "Check24CodingChallenge" */;
			buildPhases = (
				DFBD45122B849EE200D5015F /* Sources */,
				DFBD45132B849EE200D5015F /* Frameworks */,
				DFBD45142B849EE200D5015F /* Resources */,
			);
			buildRules = (
			);
			dependencies = (
			);
			name = Check24CodingChallenge;
			productName = Check24CodingChallenge;
			productReference = DFBD45162B849EE200D5015F /* Check24CodingChallenge.app */;
			productType = "com.apple.product-type.application";
		};
/* End PBXNativeTarget section */

/* Begin PBXProject section */
		DFBD450E2B849EE200D5015F /* Project object */ = {
			isa = PBXProject;
			attributes = {
				BuildIndependentTargetsInParallel = 1;
				LastSwiftUpdateCheck = 1520;
				LastUpgradeCheck = 1520;
				TargetAttributes = {
					DFBD45152B849EE200D5015F = {
						CreatedOnToolsVersion = 15.2;
					};
				};
			};
			buildConfigurationList = DFBD45112B849EE200D5015F /* Build configuration list for PBXProject "Check24CodingChallenge" */;
			compatibilityVersion = "Xcode 14.0";
			developmentRegion = en;
			hasScannedForEncodings = 0;
			knownRegions = (
				en,
				Base,
			);
			mainGroup = DFBD450D2B849EE200D5015F;
			productRefGroup = DFBD45172B849EE200D5015F /* Products */;
			projectDirPath = "";
			projectRoot = "";
			targets = (
				DFBD45152B849EE200D5015F /* Check24CodingChallenge */,
			);
		};
/* End PBXProject section */

/* Begin PBXResourcesBuildPhase section */
		DFBD45142B849EE200D5015F /* Resources */ = {
			isa = PBXResourcesBuildPhase;
			buildActionMask = 2147483647;
			files = (
				DFBD45212B849EEF00D5015F /* Preview Assets.xcassets in Resources */,
				DFBD451E2B849EEF00D5015F /* Assets.xcassets in Resources */,
			);
			runOnlyForDeploymentPostprocessing = 0;
		};
/* End PBXResourcesBuildPhase section */

/* Begin PBXSourcesBuildPhase section */
		DFBD45122B849EE200D5015F /* Sources */ = {
			isa = PBXSourcesBuildPhase;
			buildActionMask = 2147483647;
			files = (
				DFBD45342B84A1DB00D5015F /* Header.swift in Sources */,
				DFBD45382B84A20C00D5015F /* Price.swift in Sources */,
				DFBD451C2B849EE200D5015F /* ContentView.swift in Sources */,
				DFBD45302B84A12C00D5015F /* ProductListMainView.swift in Sources */,
				DFBD451A2B849EE200D5015F /* Check24CodingChallengeApp.swift in Sources */,
				DFBD45362B84A1EF00D5015F /* Product.swift in Sources */,
				DFBD45322B84A1CC00D5015F /* BaseResponse.swift in Sources */,
			);
			runOnlyForDeploymentPostprocessing = 0;
		};
/* End PBXSourcesBuildPhase section */

/* Begin XCBuildConfiguration section */
		DFBD45222B849EEF00D5015F /* Debug */ = {
			isa = XCBuildConfiguration;
			buildSettings = {
				ALWAYS_SEARCH_USER_PATHS = NO;
				ASSETCATALOG_COMPILER_GENERATE_SWIFT_ASSET_SYMBOL_EXTENSIONS = YES;
				CLANG_ANALYZER_NONNULL = YES;
				CLANG_ANALYZER_NUMBER_OBJECT_CONVERSION = YES_AGGRESSIVE;
				CLANG_CXX_LANGUAGE_STANDARD = "gnu++20";
				CLANG_ENABLE_MODULES = YES;
				CLANG_ENABLE_OBJC_ARC = YES;
				CLANG_ENABLE_OBJC_WEAK = YES;
				CLANG_WARN_BLOCK_CAPTURE_AUTORELEASING = YES;
				CLANG_WARN_BOOL_CONVERSION = YES;
				CLANG_WARN_COMMA = YES;
				CLANG_WARN_CONSTANT_CONVERSION = YES;
				CLANG_WARN_DEPRECATED_OBJC_IMPLEMENTATIONS = YES;
				CLANG_WARN_DIRECT_OBJC_ISA_USAGE = YES_ERROR;
				CLANG_WARN_DOCUMENTATION_COMMENTS = YES;
				CLANG_WARN_EMPTY_BODY = YES;
				CLANG_WARN_ENUM_CONVERSION = YES;
				CLANG_WARN_INFINITE_RECURSION = YES;
				CLANG_WARN_INT_CONVERSION = YES;
				CLANG_WARN_NON_LITERAL_NULL_CONVERSION = YES;
				CLANG_WARN_OBJC_IMPLICIT_RETAIN_SELF = YES;
				CLANG_WARN_OBJC_LITERAL_CONVERSION = YES;
				CLANG_WARN_OBJC_ROOT_CLASS = YES_ERROR;
				CLANG_WARN_QUOTED_INCLUDE_IN_FRAMEWORK_HEADER = YES;
				CLANG_WARN_RANGE_LOOP_ANALYSIS = YES;
				CLANG_WARN_STRICT_PROTOTYPES = YES;
				CLANG_WARN_SUSPICIOUS_MOVE = YES;
				CLANG_WARN_UNGUARDED_AVAILABILITY = YES_AGGRESSIVE;
				CLANG_WARN_UNREACHABLE_CODE = YES;
				CLANG_WARN__DUPLICATE_METHOD_MATCH = YES;
				COPY_PHASE_STRIP = NO;
				DEBUG_INFORMATION_FORMAT = dwarf;
				ENABLE_STRICT_OBJC_MSGSEND = YES;
				ENABLE_TESTABILITY = YES;
				ENABLE_USER_SCRIPT_SANDBOXING = YES;
				GCC_C_LANGUAGE_STANDARD = gnu17;
				GCC_DYNAMIC_NO_PIC = NO;
				GCC_NO_COMMON_BLOCKS = YES;
				GCC_OPTIMIZATION_LEVEL = 0;
				GCC_PREPROCESSOR_DEFINITIONS = (
					"DEBUG=1",
					"$(inherited)",
				);
				GCC_WARN_64_TO_32_BIT_CONVERSION = YES;
				GCC_WARN_ABOUT_RETURN_TYPE = YES_ERROR;
				GCC_WARN_UNDECLARED_SELECTOR = YES;
				GCC_WARN_UNINITIALIZED_AUTOS = YES_AGGRESSIVE;
				GCC_WARN_UNUSED_FUNCTION = YES;
				GCC_WARN_UNUSED_VARIABLE = YES;
				IPHONEOS_DEPLOYMENT_TARGET = 17.2;
				LOCALIZATION_PREFERS_STRING_CATALOGS = YES;
				MTL_ENABLE_DEBUG_INFO = INCLUDE_SOURCE;
				MTL_FAST_MATH = YES;
				ONLY_ACTIVE_ARCH = YES;
				SDKROOT = iphoneos;
				SWIFT_ACTIVE_COMPILATION_CONDITIONS = "DEBUG $(inherited)";
				SWIFT_OPTIMIZATION_LEVEL = "-Onone";
			};
			name = Debug;
		};
		DFBD45232B849EEF00D5015F /* Release */ = {
			isa = XCBuildConfiguration;
			buildSettings = {
				ALWAYS_SEARCH_USER_PATHS = NO;
				ASSETCATALOG_COMPILER_GENERATE_SWIFT_ASSET_SYMBOL_EXTENSIONS = YES;
				CLANG_ANALYZER_NONNULL = YES;
				CLANG_ANALYZER_NUMBER_OBJECT_CONVERSION = YES_AGGRESSIVE;
				CLANG_CXX_LANGUAGE_STANDARD = "gnu++20";
				CLANG_ENABLE_MODULES = YES;
				CLANG_ENABLE_OBJC_ARC = YES;
				CLANG_ENABLE_OBJC_WEAK = YES;
				CLANG_WARN_BLOCK_CAPTURE_AUTORELEASING = YES;
				CLANG_WARN_BOOL_CONVERSION = YES;
				CLANG_WARN_COMMA = YES;
				CLANG_WARN_CONSTANT_CONVERSION = YES;
				CLANG_WARN_DEPRECATED_OBJC_IMPLEMENTATIONS = YES;
				CLANG_WARN_DIRECT_OBJC_ISA_USAGE = YES_ERROR;
				CLANG_WARN_DOCUMENTATION_COMMENTS = YES;
				CLANG_WARN_EMPTY_BODY = YES;
				CLANG_WARN_ENUM_CONVERSION = YES;
				CLANG_WARN_INFINITE_RECURSION = YES;
				CLANG_WARN_INT_CONVERSION = YES;
				CLANG_WARN_NON_LITERAL_NULL_CONVERSION = YES;
				CLANG_WARN_OBJC_IMPLICIT_RETAIN_SELF = YES;
				CLANG_WARN_OBJC_LITERAL_CONVERSION = YES;
				CLANG_WARN_OBJC_ROOT_CLASS = YES_ERROR;
				CLANG_WARN_QUOTED_INCLUDE_IN_FRAMEWORK_HEADER = YES;
				CLANG_WARN_RANGE_LOOP_ANALYSIS = YES;
				CLANG_WARN_STRICT_PROTOTYPES = YES;
				CLANG_WARN_SUSPICIOUS_MOVE = YES;
				CLANG_WARN_UNGUARDED_AVAILABILITY = YES_AGGRESSIVE;
				CLANG_WARN_UNREACHABLE_CODE = YES;
				CLANG_WARN__DUPLICATE_METHOD_MATCH = YES;
				COPY_PHASE_STRIP = NO;
				DEBUG_INFORMATION_FORMAT = "dwarf-with-dsym";
				ENABLE_NS_ASSERTIONS = NO;
				ENABLE_STRICT_OBJC_MSGSEND = YES;
				ENABLE_USER_SCRIPT_SANDBOXING = YES;
				GCC_C_LANGUAGE_STANDARD = gnu17;
				GCC_NO_COMMON_BLOCKS = YES;
				GCC_WARN_64_TO_32_BIT_CONVERSION = YES;
				GCC_WARN_ABOUT_RETURN_TYPE = YES_ERROR;
				GCC_WARN_UNDECLARED_SELECTOR = YES;
				GCC_WARN_UNINITIALIZED_AUTOS = YES_AGGRESSIVE;
				GCC_WARN_UNUSED_FUNCTION = YES;
				GCC_WARN_UNUSED_VARIABLE = YES;
				IPHONEOS_DEPLOYMENT_TARGET = 17.2;
				LOCALIZATION_PREFERS_STRING_CATALOGS = YES;
				MTL_ENABLE_DEBUG_INFO = NO;
				MTL_FAST_MATH = YES;
				SDKROOT = iphoneos;
				SWIFT_COMPILATION_MODE = wholemodule;
				VALIDATE_PRODUCT = YES;
			};
			name = Release;
		};
		DFBD45252B849EEF00D5015F /* Debug */ = {
			isa = XCBuildConfiguration;
			buildSettings = {
				ASSETCATALOG_COMPILER_APPICON_NAME = AppIcon;
				ASSETCATALOG_COMPILER_GLOBAL_ACCENT_COLOR_NAME = AccentColor;
				CODE_SIGN_STYLE = Automatic;
				CURRENT_PROJECT_VERSION = 1;
				DEVELOPMENT_ASSET_PATHS = "\"Check24CodingChallenge/Preview Content\"";
				DEVELOPMENT_TEAM = M7NT4ZT48M;
				ENABLE_PREVIEWS = YES;
				GENERATE_INFOPLIST_FILE = YES;
				INFOPLIST_KEY_UIApplicationSceneManifest_Generation = YES;
				INFOPLIST_KEY_UIApplicationSupportsIndirectInputEvents = YES;
				INFOPLIST_KEY_UILaunchScreen_Generation = YES;
				INFOPLIST_KEY_UISupportedInterfaceOrientations_iPad = "UIInterfaceOrientationPortrait UIInterfaceOrientationPortraitUpsideDown UIInterfaceOrientationLandscapeLeft UIInterfaceOrientationLandscapeRight";
				INFOPLIST_KEY_UISupportedInterfaceOrientations_iPhone = "UIInterfaceOrientationPortrait UIInterfaceOrientationLandscapeLeft UIInterfaceOrientationLandscapeRight";
				LD_RUNPATH_SEARCH_PATHS = (
					"$(inherited)",
					"@executable_path/Frameworks",
				);
				MARKETING_VERSION = 1.0;
				PRODUCT_BUNDLE_IDENTIFIER = com.lukalesic.Check24CodingChallenge;
				PRODUCT_NAME = "$(TARGET_NAME)";
				SWIFT_EMIT_LOC_STRINGS = YES;
				SWIFT_VERSION = 5.0;
				TARGETED_DEVICE_FAMILY = "1,2";
			};
			name = Debug;
		};
		DFBD45262B849EEF00D5015F /* Release */ = {
			isa = XCBuildConfiguration;
			buildSettings = {
				ASSETCATALOG_COMPILER_APPICON_NAME = AppIcon;
				ASSETCATALOG_COMPILER_GLOBAL_ACCENT_COLOR_NAME = AccentColor;
				CODE_SIGN_STYLE = Automatic;
				CURRENT_PROJECT_VERSION = 1;
				DEVELOPMENT_ASSET_PATHS = "\"Check24CodingChallenge/Preview Content\"";
				DEVELOPMENT_TEAM = M7NT4ZT48M;
				ENABLE_PREVIEWS = YES;
				GENERATE_INFOPLIST_FILE = YES;
				INFOPLIST_KEY_UIApplicationSceneManifest_Generation = YES;
				INFOPLIST_KEY_UIApplicationSupportsIndirectInputEvents = YES;
				INFOPLIST_KEY_UILaunchScreen_Generation = YES;
				INFOPLIST_KEY_UISupportedInterfaceOrientations_iPad = "UIInterfaceOrientationPortrait UIInterfaceOrientationPortraitUpsideDown UIInterfaceOrientationLandscapeLeft UIInterfaceOrientationLandscapeRight";
				INFOPLIST_KEY_UISupportedInterfaceOrientations_iPhone = "UIInterfaceOrientationPortrait UIInterfaceOrientationLandscapeLeft UIInterfaceOrientationLandscapeRight";
				LD_RUNPATH_SEARCH_PATHS = (
					"$(inherited)",
					"@executable_path/Frameworks",
				);
				MARKETING_VERSION = 1.0;
				PRODUCT_BUNDLE_IDENTIFIER = com.lukalesic.Check24CodingChallenge;
				PRODUCT_NAME = "$(TARGET_NAME)";
				SWIFT_EMIT_LOC_STRINGS = YES;
				SWIFT_VERSION = 5.0;
				TARGETED_DEVICE_FAMILY = "1,2";
			};
			name = Release;
		};
/* End XCBuildConfiguration section */

/* Begin XCConfigurationList section */
		DFBD45112B849EE200D5015F /* Build configuration list for PBXProject "Check24CodingChallenge" */ = {
			isa = XCConfigurationList;
			buildConfigurations = (
				DFBD45222B849EEF00D5015F /* Debug */,
				DFBD45232B849EEF00D5015F /* Release */,
			);
			defaultConfigurationIsVisible = 0;
			defaultConfigurationName = Release;
		};
		DFBD45242B849EEF00D5015F /* Build configuration list for PBXNativeTarget "Check24CodingChallenge" */ = {
			isa = XCConfigurationList;
			buildConfigurations = (
				DFBD45252B849EEF00D5015F /* Debug */,
				DFBD45262B849EEF00D5015F /* Release */,
			);
			defaultConfigurationIsVisible = 0;
			defaultConfigurationName = Release;
		};
/* End XCConfigurationList section */
	};
	rootObject = DFBD450E2B849EE200D5015F /* Project object */;
}
